
Microsoft Visual Studio Solution File, Format Version 12.00
# Visual Studio 15
Project("{FAE04EC0-301F-11D3-BF4B-00C04F79EFBC}") = "Assembly-CSharp", "Assembly-CSharp.csproj", "{8EF63988-D0F0-1101-C875-E75013498A2B}"
EndProject
Global
	GlobalSection(SolutionConfigurationPlatforms) = preSolution
		Debug|Any CPU = Debug|Any CPU
		Release|Any CPU = Release|Any CPU
	EndGlobalSection
	GlobalSection(ProjectConfigurationPlatforms) = postSolution
		{8EF63988-D0F0-1101-C875-E75013498A2B}.Debug|Any CPU.ActiveCfg = Debug|Any CPU
		{8EF63988-D0F0-1101-C875-E75013498A2B}.Debug|Any CPU.Build.0 = Debug|Any CPU
		{8EF63988-D0F0-1101-C875-E75013498A2B}.Release|Any CPU.ActiveCfg = Release|Any CPU
		{8EF63988-D0F0-1101-C875-E75013498A2B}.Release|Any CPU.Build.0 = Release|Any CPU
	EndGlobalSection
	GlobalSection(SolutionProperties) = preSolution
		HideSolutionNode = FALSE
	EndGlobalSection
EndGlobal
